
Microsoft Visual Studio Solution File, Format Version 12.00
Project("{FAE04EC0-301F-11D3-BF4B-00C04F79EFBC}") = "SpriteOverview", "SpriteOverview\SpriteOverview.csproj", "{4AB5631E-1DD5-4EA0-A7F9-9AB7ABF4E399}"
EndProject
Project("{FAE04EC0-301F-11D3-BF4B-00C04F79EFBC}") = "SpriteData", "SpriteData\SpriteData.csproj", "{2FAD71C1-8CFA-46C9-AC6C-2919EEE1F5E8}"
EndProject
Global
	GlobalSection(SolutionConfigurationPlatforms) = preSolution
		Debug|Any CPU = Debug|Any CPU
		Release|Any CPU = Release|Any CPU
	EndGlobalSection
	GlobalSection(ProjectConfigurationPlatforms) = postSolution
		{4AB5631E-1DD5-4EA0-A7F9-9AB7ABF4E399}.Debug|Any CPU.ActiveCfg = Debug|Any CPU
		{4AB5631E-1DD5-4EA0-A7F9-9AB7ABF4E399}.Debug|Any CPU.Build.0 = Debug|Any CPU
		{4AB5631E-1DD5-4EA0-A7F9-9AB7ABF4E399}.Release|Any CPU.ActiveCfg = Release|Any CPU
		{4AB5631E-1DD5-4EA0-A7F9-9AB7ABF4E399}.Release|Any CPU.Build.0 = Release|Any CPU
		{2FAD71C1-8CFA-46C9-AC6C-2919EEE1F5E8}.Debug|Any CPU.ActiveCfg = Debug|Any CPU
		{2FAD71C1-8CFA-46C9-AC6C-2919EEE1F5E8}.Debug|Any CPU.Build.0 = Debug|Any CPU
		{2FAD71C1-8CFA-46C9-AC6C-2919EEE1F5E8}.Release|Any CPU.ActiveCfg = Release|Any CPU
		{2FAD71C1-8CFA-46C9-AC6C-2919EEE1F5E8}.Release|Any CPU.Build.0 = Release|Any CPU
	EndGlobalSection
EndGlobal
